
Microsoft Visual Studio Solution File, Format Version 12.00
# Visual Studio Version 17
VisualStudioVersion = 17.14.36623.8
MinimumVisualStudioVersion = 10.0.40219.1
Project("{FAE04EC0-301F-11D3-BF4B-00C04F79EFBC}") = "Question_21-30", "Question_21-30\Question_21-30.csproj", "{AA925142-2407-4199-9AA5-CD632C456685}"
EndProject
Project("{FAE04EC0-301F-11D3-BF4B-00C04F79EFBC}") = "Question_31-40", "Question_31-40\Question_31-40.csproj", "{75C00673-CEBD-4576-8A6B-F0BAFC3BF9F2}"
EndProject
Project("{FAE04EC0-301F-11D3-BF4B-00C04F79EFBC}") = "Question_41-50", "Question_41-50\Question_41-50.csproj", "{EB1DD86D-F800-447C-832C-EC36FF7C478E}"
EndProject
Project("{FAE04EC0-301F-11D3-BF4B-00C04F79EFBC}") = "Question_51-60", "Question_51-60\Question_51-60.csproj", "{5AB3C272-CFFE-4108-BC29-4CCAB93F4524}"
EndProject
Project("{FAE04EC0-301F-11D3-BF4B-00C04F79EFBC}") = "Question_61-70", "Question_61-70\Question_61-70.csproj", "{6C0503CC-6F45-4993-AD09-E6C11ABEF3EE}"
EndProject
Project("{FAE04EC0-301F-11D3-BF4B-00C04F79EFBC}") = "Question_71-80", "Question_71-80\Question_71-80.csproj", "{DC55DB54-D3F3-4870-BF4C-CDAE5507F6CC}"
EndProject
Project("{FAE04EC0-301F-11D3-BF4B-00C04F79EFBC}") = "Question_81-90", "Question_81-90\Question_81-90.csproj", "{40121319-03C0-4519-9C13-094426E99FCD}"
EndProject
Global
	GlobalSection(SolutionConfigurationPlatforms) = preSolution
		Debug|Any CPU = Debug|Any CPU
		Release|Any CPU = Release|Any CPU
	EndGlobalSection
	GlobalSection(ProjectConfigurationPlatforms) = postSolution
		{AA925142-2407-4199-9AA5-CD632C456685}.Debug|Any CPU.ActiveCfg = Debug|Any CPU
		{AA925142-2407-4199-9AA5-CD632C456685}.Debug|Any CPU.Build.0 = Debug|Any CPU
		{AA925142-2407-4199-9AA5-CD632C456685}.Release|Any CPU.ActiveCfg = Release|Any CPU
		{AA925142-2407-4199-9AA5-CD632C456685}.Release|Any CPU.Build.0 = Release|Any CPU
		{75C00673-CEBD-4576-8A6B-F0BAFC3BF9F2}.Debug|Any CPU.ActiveCfg = Debug|Any CPU
		{75C00673-CEBD-4576-8A6B-F0BAFC3BF9F2}.Debug|Any CPU.Build.0 = Debug|Any CPU
		{75C00673-CEBD-4576-8A6B-F0BAFC3BF9F2}.Release|Any CPU.ActiveCfg = Release|Any CPU
		{75C00673-CEBD-4576-8A6B-F0BAFC3BF9F2}.Release|Any CPU.Build.0 = Release|Any CPU
		{EB1DD86D-F800-447C-832C-EC36FF7C478E}.Debug|Any CPU.ActiveCfg = Debug|Any CPU
		{EB1DD86D-F800-447C-832C-EC36FF7C478E}.Debug|Any CPU.Build.0 = Debug|Any CPU
		{EB1DD86D-F800-447C-832C-EC36FF7C478E}.Release|Any CPU.ActiveCfg = Release|Any CPU
		{EB1DD86D-F800-447C-832C-EC36FF7C478E}.Release|Any CPU.Build.0 = Release|Any CPU
		{5AB3C272-CFFE-4108-BC29-4CCAB93F4524}.Debug|Any CPU.ActiveCfg = Debug|Any CPU
		{5AB3C272-CFFE-4108-BC29-4CCAB93F4524}.Debug|Any CPU.Build.0 = Debug|Any CPU
		{5AB3C272-CFFE-4108-BC29-4CCAB93F4524}.Release|Any CPU.ActiveCfg = Release|Any CPU
		{5AB3C272-CFFE-4108-BC29-4CCAB93F4524}.Release|Any CPU.Build.0 = Release|Any CPU
		{6C0503CC-6F45-4993-AD09-E6C11ABEF3EE}.Debug|Any CPU.ActiveCfg = Debug|Any CPU
		{6C0503CC-6F45-4993-AD09-E6C11ABEF3EE}.Debug|Any CPU.Build.0 = Debug|Any CPU
		{6C0503CC-6F45-4993-AD09-E6C11ABEF3EE}.Release|Any CPU.ActiveCfg = Release|Any CPU
		{6C0503CC-6F45-4993-AD09-E6C11ABEF3EE}.Release|Any CPU.Build.0 = Release|Any CPU
		{DC55DB54-D3F3-4870-BF4C-CDAE5507F6CC}.Debug|Any CPU.ActiveCfg = Debug|Any CPU
		{DC55DB54-D3F3-4870-BF4C-CDAE5507F6CC}.Debug|Any CPU.Build.0 = Debug|Any CPU
		{DC55DB54-D3F3-4870-BF4C-CDAE5507F6CC}.Release|Any CPU.ActiveCfg = Release|Any CPU
		{DC55DB54-D3F3-4870-BF4C-CDAE5507F6CC}.Release|Any CPU.Build.0 = Release|Any CPU
		{40121319-03C0-4519-9C13-094426E99FCD}.Debug|Any CPU.ActiveCfg = Debug|Any CPU
		{40121319-03C0-4519-9C13-094426E99FCD}.Debug|Any CPU.Build.0 = Debug|Any CPU
		{40121319-03C0-4519-9C13-094426E99FCD}.Release|Any CPU.ActiveCfg = Release|Any CPU
		{40121319-03C0-4519-9C13-094426E99FCD}.Release|Any CPU.Build.0 = Release|Any CPU
	EndGlobalSection
	GlobalSection(SolutionProperties) = preSolution
		HideSolutionNode = FALSE
	EndGlobalSection
	GlobalSection(ExtensibilityGlobals) = postSolution
		SolutionGuid = {EC210E01-7753-4EDA-B26D-58465C7C6467}
	EndGlobalSection
EndGlobal
